
Microsoft Visual Studio Solution File, Format Version 12.00
# Visual Studio Version 17
VisualStudioVersion = 17.14.36414.22 d17.14
MinimumVisualStudioVersion = 10.0.40219.1
Project("{8BC9CEB8-8B4A-11D0-8D11-00A0C91BC942}") = "PositionCalculator", "PositionCalculator\PositionCalculator.vcxproj", "{4099F459-6890-47B8-915F-6F90285F7F25}"
EndProject
Global
	GlobalSection(SolutionConfigurationPlatforms) = preSolution
		Debug|x64 = Debug|x64
		Debug|x86 = Debug|x86
		Release|x64 = Release|x64
		Release|x86 = Release|x86
	EndGlobalSection
	GlobalSection(ProjectConfigurationPlatforms) = postSolution
		{4099F459-6890-47B8-915F-6F90285F7F25}.Debug|x64.ActiveCfg = Debug|x64
		{4099F459-6890-47B8-915F-6F90285F7F25}.Debug|x64.Build.0 = Debug|x64
		{4099F459-6890-47B8-915F-6F90285F7F25}.Debug|x86.ActiveCfg = Debug|Win32
		{4099F459-6890-47B8-915F-6F90285F7F25}.Debug|x86.Build.0 = Debug|Win32
		{4099F459-6890-47B8-915F-6F90285F7F25}.Release|x64.ActiveCfg = Release|x64
		{4099F459-6890-47B8-915F-6F90285F7F25}.Release|x64.Build.0 = Release|x64
		{4099F459-6890-47B8-915F-6F90285F7F25}.Release|x86.ActiveCfg = Release|Win32
		{4099F459-6890-47B8-915F-6F90285F7F25}.Release|x86.Build.0 = Release|Win32
	EndGlobalSection
	GlobalSection(SolutionProperties) = preSolution
		HideSolutionNode = FALSE
	EndGlobalSection
	GlobalSection(ExtensibilityGlobals) = postSolution
		SolutionGuid = {98F7192E-1DDE-4BE3-9EC9-69C9501CAA7B}
	EndGlobalSection
EndGlobal
