
Microsoft Visual Studio Solution File, Format Version 12.00
# Visual Studio Version 17
VisualStudioVersion = 17.14.36202.13
MinimumVisualStudioVersion = 10.0.40219.1
Project("{8BC9CEB8-8B4A-11D0-8D11-00A0C91BC942}") = "QtGraviti", "QtGraviti.vcxproj", "{D9BE3BF4-E34A-47A2-8ED9-3D3DD6B77077}"
EndProject
Project("{8BC9CEB8-8B4A-11D0-8D11-00A0C91BC942}") = "GUnitTest", "..\GUnitTest\GUnitTest.vcxproj", "{105724DE-FAAF-4E00-A569-49DCF98B3DC7}"
EndProject
Project("{8BC9CEB8-8B4A-11D0-8D11-00A0C91BC942}") = "PositionCalculator", "..\PositionCalculator\PositionCalculator\PositionCalculator.vcxproj", "{4099F459-6890-47B8-915F-6F90285F7F25}"
EndProject
Global
	GlobalSection(SolutionConfigurationPlatforms) = preSolution
		Debug|x64 = Debug|x64
		Release|x64 = Release|x64
	EndGlobalSection
	GlobalSection(ProjectConfigurationPlatforms) = postSolution
		{D9BE3BF4-E34A-47A2-8ED9-3D3DD6B77077}.Debug|x64.ActiveCfg = Debug|x64
		{D9BE3BF4-E34A-47A2-8ED9-3D3DD6B77077}.Debug|x64.Build.0 = Debug|x64
		{D9BE3BF4-E34A-47A2-8ED9-3D3DD6B77077}.Release|x64.ActiveCfg = Release|x64
		{D9BE3BF4-E34A-47A2-8ED9-3D3DD6B77077}.Release|x64.Build.0 = Release|x64
		{105724DE-FAAF-4E00-A569-49DCF98B3DC7}.Debug|x64.ActiveCfg = Debug|x64
		{105724DE-FAAF-4E00-A569-49DCF98B3DC7}.Debug|x64.Build.0 = Debug|x64
		{105724DE-FAAF-4E00-A569-49DCF98B3DC7}.Release|x64.ActiveCfg = Release|x64
		{105724DE-FAAF-4E00-A569-49DCF98B3DC7}.Release|x64.Build.0 = Release|x64
		{4099F459-6890-47B8-915F-6F90285F7F25}.Debug|x64.ActiveCfg = Debug|x64
		{4099F459-6890-47B8-915F-6F90285F7F25}.Debug|x64.Build.0 = Debug|x64
		{4099F459-6890-47B8-915F-6F90285F7F25}.Release|x64.ActiveCfg = Release|x64
		{4099F459-6890-47B8-915F-6F90285F7F25}.Release|x64.Build.0 = Release|x64
	EndGlobalSection
	GlobalSection(SolutionProperties) = preSolution
		HideSolutionNode = FALSE
	EndGlobalSection
	GlobalSection(ExtensibilityGlobals) = postSolution
		SolutionGuid = {35CF8736-CFAE-4613-BF84-19020E25FF02}
	EndGlobalSection
EndGlobal
